PODS:
  - QTc (3.5)

DEPENDENCIES:
  - QTc (from `https://github.com/mannd/QTc.git`, branch `master`)

EXTERNAL SOURCES:
  QTc:
    :branch: master
    :git: https://github.com/mannd/QTc.git

CHECKOUT OPTIONS:
  QTc:
    :commit: cd6e8d623ea0456f6086b013b0e1c4becf975f47
    :git: https://github.com/mannd/QTc.git

SPEC CHECKSUMS:
  QTc: b5c1403b0110e618c19968a28613f12c39bbb399

PODFILE CHECKSUM: 7dbbe2c19078ae1b940c56134788c6d14c5ee9a7

COCOAPODS: 1.8.0.beta.1
