PODS:
  - QTc (3.4.1)

DEPENDENCIES:
  - QTc (from `https://github.com/mannd/QTc.git`, branch `master`)

EXTERNAL SOURCES:
  QTc:
    :branch: master
    :git: https://github.com/mannd/QTc.git

CHECKOUT OPTIONS:
  QTc:
    :commit: fd2a0c53df5a1f98e11d8d2966b4bbc4566df12d
    :git: https://github.com/mannd/QTc.git

SPEC CHECKSUMS:
  QTc: ede7a196a674e49a94a2e06be7a43347ceefae51

PODFILE CHECKSUM: 7dbbe2c19078ae1b940c56134788c6d14c5ee9a7

COCOAPODS: 1.8.4
