// !$*UTF8*$!
{
	archiveVersion = 1;
	classes = {
	};
	objectVersion = 46;
	objects = {

/* Begin PBXBuildFile section */
		8E194EE91C3ED4A1007C05AD /* Normal 12_Lead ECG.jpg in Resources */ = {isa = PBXBuildFile; fileRef = 8E194EE81C3ED4A1007C05AD /* Normal 12_Lead ECG.jpg */; };
		8E2282481C398B1300337695 /* CalipersView.swift in Sources */ = {isa = PBXBuildFile; fileRef = 8E2282471C398B1300337695 /* CalipersView.swift */; };
		8E23BACB1C518CF6009E7A58 /* Preferences.swift in Sources */ = {isa = PBXBuildFile; fileRef = 8E23BACA1C518CF6009E7A58 /* Preferences.swift */; };
		8E3DA7F11C2E264000AD9556 /* AppDelegate.swift in Sources */ = {isa = PBXBuildFile; fileRef = 8E3DA7F01C2E264000AD9556 /* AppDelegate.swift */; };
		8E3DA7F31C2E264000AD9556 /* Assets.xcassets in Resources */ = {isa = PBXBuildFile; fileRef = 8E3DA7F21C2E264000AD9556 /* Assets.xcassets */; };
		8E3DA7F61C2E264000AD9556 /* MainMenu.xib in Resources */ = {isa = PBXBuildFile; fileRef = 8E3DA7F41C2E264000AD9556 /* MainMenu.xib */; };
		8E3DA8011C2E264000AD9556 /* EP_CalipersTests.swift in Sources */ = {isa = PBXBuildFile; fileRef = 8E3DA8001C2E264000AD9556 /* EP_CalipersTests.swift */; };
		8E3DA80C1C2E264000AD9556 /* EP_CalipersUITests.swift in Sources */ = {isa = PBXBuildFile; fileRef = 8E3DA80B1C2E264000AD9556 /* EP_CalipersUITests.swift */; };
		8E3DA81A1C306C1300AD9556 /* MainWindowController.swift in Sources */ = {isa = PBXBuildFile; fileRef = 8E3DA8191C306C1300AD9556 /* MainWindowController.swift */; };
		8E3DA81C1C306C7B00AD9556 /* MainWindowController.xib in Resources */ = {isa = PBXBuildFile; fileRef = 8E3DA81B1C306C7B00AD9556 /* MainWindowController.xib */; };
		8E3DA81E1C30850200AD9556 /* Quartz.framework in Frameworks */ = {isa = PBXBuildFile; fileRef = 8E3DA81D1C30850200AD9556 /* Quartz.framework */; };
		8E3DA8201C30859A00AD9556 /* QuartzCore.framework in Frameworks */ = {isa = PBXBuildFile; fileRef = 8E3DA81F1C30859A00AD9556 /* QuartzCore.framework */; };
		8EA7EFC01C3F471F002E0085 /* Caliper.swift in Sources */ = {isa = PBXBuildFile; fileRef = 8EA7EFBF1C3F471F002E0085 /* Caliper.swift */; };
		8EA7EFC21C4378A4002E0085 /* Calibration.swift in Sources */ = {isa = PBXBuildFile; fileRef = 8EA7EFC11C4378A4002E0085 /* Calibration.swift */; };
		8EA7EFC91C472973002E0085 /* TB_rotate.tiff in Resources */ = {isa = PBXBuildFile; fileRef = 8EA7EFC41C472973002E0085 /* TB_rotate.tiff */; };
		8EA7EFCA1C472973002E0085 /* TB_zoomActual.png in Resources */ = {isa = PBXBuildFile; fileRef = 8EA7EFC51C472973002E0085 /* TB_zoomActual.png */; };
		8EA7EFCB1C472973002E0085 /* TB_zoomIn.png in Resources */ = {isa = PBXBuildFile; fileRef = 8EA7EFC61C472973002E0085 /* TB_zoomIn.png */; };
		8EA7EFCC1C472973002E0085 /* TB_zoomOut.png in Resources */ = {isa = PBXBuildFile; fileRef = 8EA7EFC71C472973002E0085 /* TB_zoomOut.png */; };
		8EA7EFCD1C472973002E0085 /* TB_zoomToFit.png in Resources */ = {isa = PBXBuildFile; fileRef = 8EA7EFC81C472973002E0085 /* TB_zoomToFit.png */; };
		8EA7EFCF1C473049002E0085 /* TB_move.tiff in Resources */ = {isa = PBXBuildFile; fileRef = 8EA7EFCE1C473049002E0085 /* TB_move.tiff */; };
		8EA7EFD11C4740C0002E0085 /* lock-20.png in Resources */ = {isa = PBXBuildFile; fileRef = 8EA7EFD01C4740C0002E0085 /* lock-20.png */; };
		8EA7EFD31C4742E4002E0085 /* lock-16.png in Resources */ = {isa = PBXBuildFile; fileRef = 8EA7EFD21C4742E4002E0085 /* lock-16.png */; };
		8EA7EFD51C47545B002E0085 /* calipers-icon-bw-20x20.png in Resources */ = {isa = PBXBuildFile; fileRef = 8EA7EFD41C47545B002E0085 /* calipers-icon-bw-20x20.png */; };
		8EA7EFD71C47546D002E0085 /* calipers-amplitude-icon-bw-20x20.png in Resources */ = {isa = PBXBuildFile; fileRef = 8EA7EFD61C47546D002E0085 /* calipers-amplitude-icon-bw-20x20.png */; };
		8ECC76C71C48B1830091F87A /* View.xib in Resources */ = {isa = PBXBuildFile; fileRef = 8ECC76C61C48B1830091F87A /* View.xib */; };
		8EF1AD5A1C58659200337895 /* EPCalipers-help in Resources */ = {isa = PBXBuildFile; fileRef = 8EF1AD591C58659200337895 /* EPCalipers-help */; };
/* End PBXBuildFile section */

/* Begin PBXContainerItemProxy section */
		8E3DA7FD1C2E264000AD9556 /* PBXContainerItemProxy */ = {
			isa = PBXContainerItemProxy;
			containerPortal = 8E3DA7E51C2E264000AD9556 /* Project object */;
			proxyType = 1;
			remoteGlobalIDString = 8E3DA7EC1C2E264000AD9556;
			remoteInfo = "EP Calipers";
		};
		8E3DA8081C2E264000AD9556 /* PBXContainerItemProxy */ = {
			isa = PBXContainerItemProxy;
			containerPortal = 8E3DA7E51C2E264000AD9556 /* Project object */;
			proxyType = 1;
			remoteGlobalIDString = 8E3DA7EC1C2E264000AD9556;
			remoteInfo = "EP Calipers";
		};
/* End PBXContainerItemProxy section */

/* Begin PBXFileReference section */
		8E194EE81C3ED4A1007C05AD /* Normal 12_Lead ECG.jpg */ = {isa = PBXFileReference; lastKnownFileType = image.jpeg; path = "Normal 12_Lead ECG.jpg"; sourceTree = "<group>"; };
		8E2282471C398B1300337695 /* CalipersView.swift */ = {isa = PBXFileReference; fileEncoding = 4; lastKnownFileType = sourcecode.swift; path = CalipersView.swift; sourceTree = "<group>"; };
		8E23BACA1C518CF6009E7A58 /* Preferences.swift */ = {isa = PBXFileReference; fileEncoding = 4; lastKnownFileType = sourcecode.swift; path = Preferences.swift; sourceTree = "<group>"; };
		8E3DA7ED1C2E264000AD9556 /* EP Calipers.app */ = {isa = PBXFileReference; explicitFileType = wrapper.application; includeInIndex = 0; path = "EP Calipers.app"; sourceTree = BUILT_PRODUCTS_DIR; };
		8E3DA7F01C2E264000AD9556 /* AppDelegate.swift */ = {isa = PBXFileReference; lastKnownFileType = sourcecode.swift; path = AppDelegate.swift; sourceTree = "<group>"; };
		8E3DA7F21C2E264000AD9556 /* Assets.xcassets */ = {isa = PBXFileReference; lastKnownFileType = folder.assetcatalog; path = Assets.xcassets; sourceTree = "<group>"; };
		8E3DA7F51C2E264000AD9556 /* Base */ = {isa = PBXFileReference; lastKnownFileType = file.xib; name = Base; path = Base.lproj/MainMenu.xib; sourceTree = "<group>"; };
		8E3DA7F71C2E264000AD9556 /* Info.plist */ = {isa = PBXFileReference; lastKnownFileType = text.plist.xml; path = Info.plist; sourceTree = "<group>"; };
		8E3DA7FC1C2E264000AD9556 /* EP CalipersTests.xctest */ = {isa = PBXFileReference; explicitFileType = wrapper.cfbundle; includeInIndex = 0; path = "EP CalipersTests.xctest"; sourceTree = BUILT_PRODUCTS_DIR; };
		8E3DA8001C2E264000AD9556 /* EP_CalipersTests.swift */ = {isa = PBXFileReference; lastKnownFileType = sourcecode.swift; path = EP_CalipersTests.swift; sourceTree = "<group>"; };
		8E3DA8021C2E264000AD9556 /* Info.plist */ = {isa = PBXFileReference; lastKnownFileType = text.plist.xml; path = Info.plist; sourceTree = "<group>"; };
		8E3DA8071C2E264000AD9556 /* EP CalipersUITests.xctest */ = {isa = PBXFileReference; explicitFileType = wrapper.cfbundle; includeInIndex = 0; path = "EP CalipersUITests.xctest"; sourceTree = BUILT_PRODUCTS_DIR; };
		8E3DA80B1C2E264000AD9556 /* EP_CalipersUITests.swift */ = {isa = PBXFileReference; lastKnownFileType = sourcecode.swift; path = EP_CalipersUITests.swift; sourceTree = "<group>"; };
		8E3DA80D1C2E264000AD9556 /* Info.plist */ = {isa = PBXFileReference; lastKnownFileType = text.plist.xml; path = Info.plist; sourceTree = "<group>"; };
		8E3DA8191C306C1300AD9556 /* MainWindowController.swift */ = {isa = PBXFileReference; fileEncoding = 4; lastKnownFileType = sourcecode.swift; path = MainWindowController.swift; sourceTree = "<group>"; };
		8E3DA81B1C306C7B00AD9556 /* MainWindowController.xib */ = {isa = PBXFileReference; fileEncoding = 4; lastKnownFileType = file.xib; path = MainWindowController.xib; sourceTree = "<group>"; };
		8E3DA81D1C30850200AD9556 /* Quartz.framework */ = {isa = PBXFileReference; lastKnownFileType = wrapper.framework; name = Quartz.framework; path = System/Library/Frameworks/Quartz.framework; sourceTree = SDKROOT; };
		8E3DA81F1C30859A00AD9556 /* QuartzCore.framework */ = {isa = PBXFileReference; lastKnownFileType = wrapper.framework; name = QuartzCore.framework; path = System/Library/Frameworks/QuartzCore.framework; sourceTree = SDKROOT; };
		8EA7EFBF1C3F471F002E0085 /* Caliper.swift */ = {isa = PBXFileReference; fileEncoding = 4; lastKnownFileType = sourcecode.swift; path = Caliper.swift; sourceTree = "<group>"; };
		8EA7EFC11C4378A4002E0085 /* Calibration.swift */ = {isa = PBXFileReference; fileEncoding = 4; lastKnownFileType = sourcecode.swift; path = Calibration.swift; sourceTree = "<group>"; };
		8EA7EFC41C472973002E0085 /* TB_rotate.tiff */ = {isa = PBXFileReference; lastKnownFileType = image.tiff; path = TB_rotate.tiff; sourceTree = "<group>"; };
		8EA7EFC51C472973002E0085 /* TB_zoomActual.png */ = {isa = PBXFileReference; lastKnownFileType = image.png; path = TB_zoomActual.png; sourceTree = "<group>"; };
		8EA7EFC61C472973002E0085 /* TB_zoomIn.png */ = {isa = PBXFileReference; lastKnownFileType = image.png; path = TB_zoomIn.png; sourceTree = "<group>"; };
		8EA7EFC71C472973002E0085 /* TB_zoomOut.png */ = {isa = PBXFileReference; lastKnownFileType = image.png; path = TB_zoomOut.png; sourceTree = "<group>"; };
		8EA7EFC81C472973002E0085 /* TB_zoomToFit.png */ = {isa = PBXFileReference; lastKnownFileType = image.png; path = TB_zoomToFit.png; sourceTree = "<group>"; };
		8EA7EFCE1C473049002E0085 /* TB_move.tiff */ = {isa = PBXFileReference; lastKnownFileType = image.tiff; path = TB_move.tiff; sourceTree = "<group>"; };
		8EA7EFD01C4740C0002E0085 /* lock-20.png */ = {isa = PBXFileReference; lastKnownFileType = image.png; path = "lock-20.png"; sourceTree = "<group>"; };
		8EA7EFD21C4742E4002E0085 /* lock-16.png */ = {isa = PBXFileReference; lastKnownFileType = image.png; path = "lock-16.png"; sourceTree = "<group>"; };
		8EA7EFD41C47545B002E0085 /* calipers-icon-bw-20x20.png */ = {isa = PBXFileReference; lastKnownFileType = image.png; path = "calipers-icon-bw-20x20.png"; sourceTree = "<group>"; };
		8EA7EFD61C47546D002E0085 /* calipers-amplitude-icon-bw-20x20.png */ = {isa = PBXFileReference; lastKnownFileType = image.png; path = "calipers-amplitude-icon-bw-20x20.png"; sourceTree = "<group>"; };
		8ECC76C61C48B1830091F87A /* View.xib */ = {isa = PBXFileReference; fileEncoding = 4; lastKnownFileType = file.xib; path = View.xib; sourceTree = "<group>"; };
		8ED06CB31C5549C1000FD545 /* EP Calipers.entitlements */ = {isa = PBXFileReference; lastKnownFileType = text.xml; path = "EP Calipers.entitlements"; sourceTree = "<group>"; };
		8EF1AD591C58659200337895 /* EPCalipers-help */ = {isa = PBXFileReference; lastKnownFileType = folder; path = "EPCalipers-help"; sourceTree = "<group>"; };
/* End PBXFileReference section */

/* Begin PBXFrameworksBuildPhase section */
		8E3DA7EA1C2E264000AD9556 /* Frameworks */ = {
			isa = PBXFrameworksBuildPhase;
			buildActionMask = 2147483647;
			files = (
				8E3DA8201C30859A00AD9556 /* QuartzCore.framework in Frameworks */,
				8E3DA81E1C30850200AD9556 /* Quartz.framework in Frameworks */,
			);
			runOnlyForDeploymentPostprocessing = 0;
		};
		8E3DA7F91C2E264000AD9556 /* Frameworks */ = {
			isa = PBXFrameworksBuildPhase;
			buildActionMask = 2147483647;
			files = (
			);
			runOnlyForDeploymentPostprocessing = 0;
		};
		8E3DA8041C2E264000AD9556 /* Frameworks */ = {
			isa = PBXFrameworksBuildPhase;
			buildActionMask = 2147483647;
			files = (
			);
			runOnlyForDeploymentPostprocessing = 0;
		};
/* End PBXFrameworksBuildPhase section */

/* Begin PBXGroup section */
		8E3DA7E41C2E264000AD9556 = {
			isa = PBXGroup;
			children = (
				8E3DA81F1C30859A00AD9556 /* QuartzCore.framework */,
				8E3DA81D1C30850200AD9556 /* Quartz.framework */,
				8EA7EFC31C472909002E0085 /* Resources */,
				8E3DA7EF1C2E264000AD9556 /* EP Calipers */,
				8E3DA7FF1C2E264000AD9556 /* EP CalipersTests */,
				8E3DA80A1C2E264000AD9556 /* EP CalipersUITests */,
				8E3DA7EE1C2E264000AD9556 /* Products */,
			);
			sourceTree = "<group>";
		};
		8E3DA7EE1C2E264000AD9556 /* Products */ = {
			isa = PBXGroup;
			children = (
				8E3DA7ED1C2E264000AD9556 /* EP Calipers.app */,
				8E3DA7FC1C2E264000AD9556 /* EP CalipersTests.xctest */,
				8E3DA8071C2E264000AD9556 /* EP CalipersUITests.xctest */,
			);
			name = Products;
			sourceTree = "<group>";
		};
		8E3DA7EF1C2E264000AD9556 /* EP Calipers */ = {
			isa = PBXGroup;
			children = (
				8ED06CB31C5549C1000FD545 /* EP Calipers.entitlements */,
				8E194EE81C3ED4A1007C05AD /* Normal 12_Lead ECG.jpg */,
				8E3DA7F01C2E264000AD9556 /* AppDelegate.swift */,
				8E3DA7F21C2E264000AD9556 /* Assets.xcassets */,
				8E3DA7F41C2E264000AD9556 /* MainMenu.xib */,
				8E3DA7F71C2E264000AD9556 /* Info.plist */,
				8E3DA8191C306C1300AD9556 /* MainWindowController.swift */,
				8E3DA81B1C306C7B00AD9556 /* MainWindowController.xib */,
				8E2282471C398B1300337695 /* CalipersView.swift */,
				8EA7EFBF1C3F471F002E0085 /* Caliper.swift */,
				8EA7EFC11C4378A4002E0085 /* Calibration.swift */,
				8ECC76C61C48B1830091F87A /* View.xib */,
				8E23BACA1C518CF6009E7A58 /* Preferences.swift */,
			);
			path = "EP Calipers";
			sourceTree = "<group>";
		};
		8E3DA7FF1C2E264000AD9556 /* EP CalipersTests */ = {
			isa = PBXGroup;
			children = (
				8E3DA8001C2E264000AD9556 /* EP_CalipersTests.swift */,
				8E3DA8021C2E264000AD9556 /* Info.plist */,
			);
			path = "EP CalipersTests";
			sourceTree = "<group>";
		};
		8E3DA80A1C2E264000AD9556 /* EP CalipersUITests */ = {
			isa = PBXGroup;
			children = (
				8E3DA80B1C2E264000AD9556 /* EP_CalipersUITests.swift */,
				8E3DA80D1C2E264000AD9556 /* Info.plist */,
			);
			path = "EP CalipersUITests";
			sourceTree = "<group>";
		};
		8EA7EFC31C472909002E0085 /* Resources */ = {
			isa = PBXGroup;
			children = (
				8EF1AD591C58659200337895 /* EPCalipers-help */,
				8EA7EFD61C47546D002E0085 /* calipers-amplitude-icon-bw-20x20.png */,
				8EA7EFD41C47545B002E0085 /* calipers-icon-bw-20x20.png */,
				8EA7EFD21C4742E4002E0085 /* lock-16.png */,
				8EA7EFD01C4740C0002E0085 /* lock-20.png */,
				8EA7EFCE1C473049002E0085 /* TB_move.tiff */,
				8EA7EFC41C472973002E0085 /* TB_rotate.tiff */,
				8EA7EFC51C472973002E0085 /* TB_zoomActual.png */,
				8EA7EFC61C472973002E0085 /* TB_zoomIn.png */,
				8EA7EFC71C472973002E0085 /* TB_zoomOut.png */,
				8EA7EFC81C472973002E0085 /* TB_zoomToFit.png */,
			);
			name = Resources;
			sourceTree = "<group>";
		};
/* End PBXGroup section */

/* Begin PBXNativeTarget section */
		8E3DA7EC1C2E264000AD9556 /* EP Calipers */ = {
			isa = PBXNativeTarget;
			buildConfigurationList = 8E3DA8101C2E264000AD9556 /* Build configuration list for PBXNativeTarget "EP Calipers" */;
			buildPhases = (
				8E3DA7E91C2E264000AD9556 /* Sources */,
				8E3DA7EA1C2E264000AD9556 /* Frameworks */,
				8E3DA7EB1C2E264000AD9556 /* Resources */,
			);
			buildRules = (
			);
			dependencies = (
			);
			name = "EP Calipers";
			productName = "EP Calipers";
			productReference = 8E3DA7ED1C2E264000AD9556 /* EP Calipers.app */;
			productType = "com.apple.product-type.application";
		};
		8E3DA7FB1C2E264000AD9556 /* EP CalipersTests */ = {
			isa = PBXNativeTarget;
			buildConfigurationList = 8E3DA8131C2E264000AD9556 /* Build configuration list for PBXNativeTarget "EP CalipersTests" */;
			buildPhases = (
				8E3DA7F81C2E264000AD9556 /* Sources */,
				8E3DA7F91C2E264000AD9556 /* Frameworks */,
				8E3DA7FA1C2E264000AD9556 /* Resources */,
			);
			buildRules = (
			);
			dependencies = (
				8E3DA7FE1C2E264000AD9556 /* PBXTargetDependency */,
			);
			name = "EP CalipersTests";
			productName = "EP CalipersTests";
			productReference = 8E3DA7FC1C2E264000AD9556 /* EP CalipersTests.xctest */;
			productType = "com.apple.product-type.bundle.unit-test";
		};
		8E3DA8061C2E264000AD9556 /* EP CalipersUITests */ = {
			isa = PBXNativeTarget;
			buildConfigurationList = 8E3DA8161C2E264000AD9556 /* Build configuration list for PBXNativeTarget "EP CalipersUITests" */;
			buildPhases = (
				8E3DA8031C2E264000AD9556 /* Sources */,
				8E3DA8041C2E264000AD9556 /* Frameworks */,
				8E3DA8051C2E264000AD9556 /* Resources */,
			);
			buildRules = (
			);
			dependencies = (
				8E3DA8091C2E264000AD9556 /* PBXTargetDependency */,
			);
			name = "EP CalipersUITests";
			productName = "EP CalipersUITests";
			productReference = 8E3DA8071C2E264000AD9556 /* EP CalipersUITests.xctest */;
			productType = "com.apple.product-type.bundle.ui-testing";
		};
/* End PBXNativeTarget section */

/* Begin PBXProject section */
		8E3DA7E51C2E264000AD9556 /* Project object */ = {
			isa = PBXProject;
			attributes = {
				LastSwiftUpdateCheck = 0720;
				LastUpgradeCheck = 0720;
				ORGANIZATIONNAME = "EP Studios";
				TargetAttributes = {
					8E3DA7EC1C2E264000AD9556 = {
						CreatedOnToolsVersion = 7.2;
						DevelopmentTeam = SZLBQWQUR2;
						SystemCapabilities = {
							com.apple.Sandbox = {
								enabled = 1;
							};
						};
					};
					8E3DA7FB1C2E264000AD9556 = {
						CreatedOnToolsVersion = 7.2;
						TestTargetID = 8E3DA7EC1C2E264000AD9556;
					};
					8E3DA8061C2E264000AD9556 = {
						CreatedOnToolsVersion = 7.2;
						TestTargetID = 8E3DA7EC1C2E264000AD9556;
					};
				};
			};
			buildConfigurationList = 8E3DA7E81C2E264000AD9556 /* Build configuration list for PBXProject "EP Calipers" */;
			compatibilityVersion = "Xcode 3.2";
			developmentRegion = English;
			hasScannedForEncodings = 0;
			knownRegions = (
				en,
				Base,
			);
			mainGroup = 8E3DA7E41C2E264000AD9556;
			productRefGroup = 8E3DA7EE1C2E264000AD9556 /* Products */;
			projectDirPath = "";
			projectRoot = "";
			targets = (
				8E3DA7EC1C2E264000AD9556 /* EP Calipers */,
				8E3DA7FB1C2E264000AD9556 /* EP CalipersTests */,
				8E3DA8061C2E264000AD9556 /* EP CalipersUITests */,
			);
		};
/* End PBXProject section */

/* Begin PBXResourcesBuildPhase section */
		8E3DA7EB1C2E264000AD9556 /* Resources */ = {
			isa = PBXResourcesBuildPhase;
			buildActionMask = 2147483647;
			files = (
				8EA7EFCA1C472973002E0085 /* TB_zoomActual.png in Resources */,
				8ECC76C71C48B1830091F87A /* View.xib in Resources */,
				8E3DA7F31C2E264000AD9556 /* Assets.xcassets in Resources */,
				8EA7EFC91C472973002E0085 /* TB_rotate.tiff in Resources */,
				8EA7EFD71C47546D002E0085 /* calipers-amplitude-icon-bw-20x20.png in Resources */,
				8EA7EFCF1C473049002E0085 /* TB_move.tiff in Resources */,
				8EA7EFCC1C472973002E0085 /* TB_zoomOut.png in Resources */,
				8E194EE91C3ED4A1007C05AD /* Normal 12_Lead ECG.jpg in Resources */,
				8EA7EFD11C4740C0002E0085 /* lock-20.png in Resources */,
				8EA7EFD31C4742E4002E0085 /* lock-16.png in Resources */,
				8EA7EFD51C47545B002E0085 /* calipers-icon-bw-20x20.png in Resources */,
				8E3DA81C1C306C7B00AD9556 /* MainWindowController.xib in Resources */,
				8EA7EFCB1C472973002E0085 /* TB_zoomIn.png in Resources */,
				8EF1AD5A1C58659200337895 /* EPCalipers-help in Resources */,
				8EA7EFCD1C472973002E0085 /* TB_zoomToFit.png in Resources */,
				8E3DA7F61C2E264000AD9556 /* MainMenu.xib in Resources */,
			);
			runOnlyForDeploymentPostprocessing = 0;
		};
		8E3DA7FA1C2E264000AD9556 /* Resources */ = {
			isa = PBXResourcesBuildPhase;
			buildActionMask = 2147483647;
			files = (
			);
			runOnlyForDeploymentPostprocessing = 0;
		};
		8E3DA8051C2E264000AD9556 /* Resources */ = {
			isa = PBXResourcesBuildPhase;
			buildActionMask = 2147483647;
			files = (
			);
			runOnlyForDeploymentPostprocessing = 0;
		};
/* End PBXResourcesBuildPhase section */

/* Begin PBXSourcesBuildPhase section */
		8E3DA7E91C2E264000AD9556 /* Sources */ = {
			isa = PBXSourcesBuildPhase;
			buildActionMask = 2147483647;
			files = (
				8EA7EFC01C3F471F002E0085 /* Caliper.swift in Sources */,
				8E3DA81A1C306C1300AD9556 /* MainWindowController.swift in Sources */,
				8E23BACB1C518CF6009E7A58 /* Preferences.swift in Sources */,
				8EA7EFC21C4378A4002E0085 /* Calibration.swift in Sources */,
				8E3DA7F11C2E264000AD9556 /* AppDelegate.swift in Sources */,
				8E2282481C398B1300337695 /* CalipersView.swift in Sources */,
			);
			runOnlyForDeploymentPostprocessing = 0;
		};
		8E3DA7F81C2E264000AD9556 /* Sources */ = {
			isa = PBXSourcesBuildPhase;
			buildActionMask = 2147483647;
			files = (
				8E3DA8011C2E264000AD9556 /* EP_CalipersTests.swift in Sources */,
			);
			runOnlyForDeploymentPostprocessing = 0;
		};
		8E3DA8031C2E264000AD9556 /* Sources */ = {
			isa = PBXSourcesBuildPhase;
			buildActionMask = 2147483647;
			files = (
				8E3DA80C1C2E264000AD9556 /* EP_CalipersUITests.swift in Sources */,
			);
			runOnlyForDeploymentPostprocessing = 0;
		};
/* End PBXSourcesBuildPhase section */

/* Begin PBXTargetDependency section */
		8E3DA7FE1C2E264000AD9556 /* PBXTargetDependency */ = {
			isa = PBXTargetDependency;
			target = 8E3DA7EC1C2E264000AD9556 /* EP Calipers */;
			targetProxy = 8E3DA7FD1C2E264000AD9556 /* PBXContainerItemProxy */;
		};
		8E3DA8091C2E264000AD9556 /* PBXTargetDependency */ = {
			isa = PBXTargetDependency;
			target = 8E3DA7EC1C2E264000AD9556 /* EP Calipers */;
			targetProxy = 8E3DA8081C2E264000AD9556 /* PBXContainerItemProxy */;
		};
/* End PBXTargetDependency section */

/* Begin PBXVariantGroup section */
		8E3DA7F41C2E264000AD9556 /* MainMenu.xib */ = {
			isa = PBXVariantGroup;
			children = (
				8E3DA7F51C2E264000AD9556 /* Base */,
			);
			name = MainMenu.xib;
			sourceTree = "<group>";
		};
/* End PBXVariantGroup section */

/* Begin XCBuildConfiguration section */
		8E3DA80E1C2E264000AD9556 /* Debug */ = {
			isa = XCBuildConfiguration;
			buildSettings = {
				ALWAYS_SEARCH_USER_PATHS = NO;
				CLANG_CXX_LANGUAGE_STANDARD = "gnu++0x";
				CLANG_CXX_LIBRARY = "libc++";
				CLANG_ENABLE_MODULES = YES;
				CLANG_ENABLE_OBJC_ARC = YES;
				CLANG_WARN_BOOL_CONVERSION = YES;
				CLANG_WARN_CONSTANT_CONVERSION = YES;
				CLANG_WARN_DIRECT_OBJC_ISA_USAGE = YES_ERROR;
				CLANG_WARN_EMPTY_BODY = YES;
				CLANG_WARN_ENUM_CONVERSION = YES;
				CLANG_WARN_INT_CONVERSION = YES;
				CLANG_WARN_OBJC_ROOT_CLASS = YES_ERROR;
				CLANG_WARN_UNREACHABLE_CODE = YES;
				CLANG_WARN__DUPLICATE_METHOD_MATCH = YES;
				CODE_SIGN_IDENTITY = "-";
				COPY_PHASE_STRIP = NO;
				DEBUG_INFORMATION_FORMAT = dwarf;
				ENABLE_STRICT_OBJC_MSGSEND = YES;
				ENABLE_TESTABILITY = YES;
				GCC_C_LANGUAGE_STANDARD = gnu99;
				GCC_DYNAMIC_NO_PIC = NO;
				GCC_NO_COMMON_BLOCKS = YES;
				GCC_OPTIMIZATION_LEVEL = 0;
				GCC_PREPROCESSOR_DEFINITIONS = (
					"DEBUG=1",
					"$(inherited)",
				);
				GCC_WARN_64_TO_32_BIT_CONVERSION = YES;
				GCC_WARN_ABOUT_RETURN_TYPE = YES_ERROR;
				GCC_WARN_UNDECLARED_SELECTOR = YES;
				GCC_WARN_UNINITIALIZED_AUTOS = YES_AGGRESSIVE;
				GCC_WARN_UNUSED_FUNCTION = YES;
				GCC_WARN_UNUSED_VARIABLE = YES;
				MACOSX_DEPLOYMENT_TARGET = 10.11;
				MTL_ENABLE_DEBUG_INFO = YES;
				ONLY_ACTIVE_ARCH = YES;
				SDKROOT = macosx;
				SWIFT_OPTIMIZATION_LEVEL = "-Onone";
			};
			name = Debug;
		};
		8E3DA80F1C2E264000AD9556 /* Release */ = {
			isa = XCBuildConfiguration;
			buildSettings = {
				ALWAYS_SEARCH_USER_PATHS = NO;
				CLANG_CXX_LANGUAGE_STANDARD = "gnu++0x";
				CLANG_CXX_LIBRARY = "libc++";
				CLANG_ENABLE_MODULES = YES;
				CLANG_ENABLE_OBJC_ARC = YES;
				CLANG_WARN_BOOL_CONVERSION = YES;
				CLANG_WARN_CONSTANT_CONVERSION = YES;
				CLANG_WARN_DIRECT_OBJC_ISA_USAGE = YES_ERROR;
				CLANG_WARN_EMPTY_BODY = YES;
				CLANG_WARN_ENUM_CONVERSION = YES;
				CLANG_WARN_INT_CONVERSION = YES;
				CLANG_WARN_OBJC_ROOT_CLASS = YES_ERROR;
				CLANG_WARN_UNREACHABLE_CODE = YES;
				CLANG_WARN__DUPLICATE_METHOD_MATCH = YES;
				CODE_SIGN_IDENTITY = "-";
				COPY_PHASE_STRIP = NO;
				DEBUG_INFORMATION_FORMAT = "dwarf-with-dsym";
				ENABLE_NS_ASSERTIONS = NO;
				ENABLE_STRICT_OBJC_MSGSEND = YES;
				GCC_C_LANGUAGE_STANDARD = gnu99;
				GCC_NO_COMMON_BLOCKS = YES;
				GCC_WARN_64_TO_32_BIT_CONVERSION = YES;
				GCC_WARN_ABOUT_RETURN_TYPE = YES_ERROR;
				GCC_WARN_UNDECLARED_SELECTOR = YES;
				GCC_WARN_UNINITIALIZED_AUTOS = YES_AGGRESSIVE;
				GCC_WARN_UNUSED_FUNCTION = YES;
				GCC_WARN_UNUSED_VARIABLE = YES;
				MACOSX_DEPLOYMENT_TARGET = 10.11;
				MTL_ENABLE_DEBUG_INFO = NO;
				SDKROOT = macosx;
			};
			name = Release;
		};
		8E3DA8111C2E264000AD9556 /* Debug */ = {
			isa = XCBuildConfiguration;
			buildSettings = {
				ASSETCATALOG_COMPILER_APPICON_NAME = AppIcon;
				CODE_SIGN_ENTITLEMENTS = "EP Calipers/EP Calipers.entitlements";
				CODE_SIGN_IDENTITY = "Mac Developer";
				"CODE_SIGN_IDENTITY[sdk=macosx*]" = "Mac Developer";
				COMBINE_HIDPI_IMAGES = YES;
				INFOPLIST_FILE = "EP Calipers/Info.plist";
				LD_RUNPATH_SEARCH_PATHS = "$(inherited) @executable_path/../Frameworks";
				PRODUCT_BUNDLE_IDENTIFIER = "org.epstudios.EP-Calipers";
				PRODUCT_NAME = "$(TARGET_NAME)";
				PROVISIONING_PROFILE = "";
			};
			name = Debug;
		};
		8E3DA8121C2E264000AD9556 /* Release */ = {
			isa = XCBuildConfiguration;
			buildSettings = {
				ASSETCATALOG_COMPILER_APPICON_NAME = AppIcon;
				CODE_SIGN_ENTITLEMENTS = "EP Calipers/EP Calipers.entitlements";
				CODE_SIGN_IDENTITY = "Mac Developer";
				"CODE_SIGN_IDENTITY[sdk=macosx*]" = "Mac Developer";
				COMBINE_HIDPI_IMAGES = YES;
				INFOPLIST_FILE = "EP Calipers/Info.plist";
				LD_RUNPATH_SEARCH_PATHS = "$(inherited) @executable_path/../Frameworks";
				PRODUCT_BUNDLE_IDENTIFIER = "org.epstudios.EP-Calipers";
				PRODUCT_NAME = "$(TARGET_NAME)";
				PROVISIONING_PROFILE = "";
			};
			name = Release;
		};
		8E3DA8141C2E264000AD9556 /* Debug */ = {
			isa = XCBuildConfiguration;
			buildSettings = {
				BUNDLE_LOADER = "$(TEST_HOST)";
				COMBINE_HIDPI_IMAGES = YES;
				INFOPLIST_FILE = "EP CalipersTests/Info.plist";
				LD_RUNPATH_SEARCH_PATHS = "$(inherited) @executable_path/../Frameworks @loader_path/../Frameworks";
				PRODUCT_BUNDLE_IDENTIFIER = "org.epstudios.EP-CalipersTests";
				PRODUCT_NAME = "$(TARGET_NAME)";
				TEST_HOST = "$(BUILT_PRODUCTS_DIR)/EP Calipers.app/Contents/MacOS/EP Calipers";
			};
			name = Debug;
		};
		8E3DA8151C2E264000AD9556 /* Release */ = {
			isa = XCBuildConfiguration;
			buildSettings = {
				BUNDLE_LOADER = "$(TEST_HOST)";
				COMBINE_HIDPI_IMAGES = YES;
				INFOPLIST_FILE = "EP CalipersTests/Info.plist";
				LD_RUNPATH_SEARCH_PATHS = "$(inherited) @executable_path/../Frameworks @loader_path/../Frameworks";
				PRODUCT_BUNDLE_IDENTIFIER = "org.epstudios.EP-CalipersTests";
				PRODUCT_NAME = "$(TARGET_NAME)";
				TEST_HOST = "$(BUILT_PRODUCTS_DIR)/EP Calipers.app/Contents/MacOS/EP Calipers";
			};
			name = Release;
		};
		8E3DA8171C2E264000AD9556 /* Debug */ = {
			isa = XCBuildConfiguration;
			buildSettings = {
				COMBINE_HIDPI_IMAGES = YES;
				INFOPLIST_FILE = "EP CalipersUITests/Info.plist";
				LD_RUNPATH_SEARCH_PATHS = "$(inherited) @executable_path/../Frameworks @loader_path/../Frameworks";
				PRODUCT_BUNDLE_IDENTIFIER = "org.epstudios.EP-CalipersUITests";
				PRODUCT_NAME = "$(TARGET_NAME)";
				TEST_TARGET_NAME = "EP Calipers";
				USES_XCTRUNNER = YES;
			};
			name = Debug;
		};
		8E3DA8181C2E264000AD9556 /* Release */ = {
			isa = XCBuildConfiguration;
			buildSettings = {
				COMBINE_HIDPI_IMAGES = YES;
				INFOPLIST_FILE = "EP CalipersUITests/Info.plist";
				LD_RUNPATH_SEARCH_PATHS = "$(inherited) @executable_path/../Frameworks @loader_path/../Frameworks";
				PRODUCT_BUNDLE_IDENTIFIER = "org.epstudios.EP-CalipersUITests";
				PRODUCT_NAME = "$(TARGET_NAME)";
				TEST_TARGET_NAME = "EP Calipers";
				USES_XCTRUNNER = YES;
			};
			name = Release;
		};
/* End XCBuildConfiguration section */

/* Begin XCConfigurationList section */
		8E3DA7E81C2E264000AD9556 /* Build configuration list for PBXProject "EP Calipers" */ = {
			isa = XCConfigurationList;
			buildConfigurations = (
				8E3DA80E1C2E264000AD9556 /* Debug */,
				8E3DA80F1C2E264000AD9556 /* Release */,
			);
			defaultConfigurationIsVisible = 0;
			defaultConfigurationName = Release;
		};
		8E3DA8101C2E264000AD9556 /* Build configuration list for PBXNativeTarget "EP Calipers" */ = {
			isa = XCConfigurationList;
			buildConfigurations = (
				8E3DA8111C2E264000AD9556 /* Debug */,
				8E3DA8121C2E264000AD9556 /* Release */,
			);
			defaultConfigurationIsVisible = 0;
			defaultConfigurationName = Release;
		};
		8E3DA8131C2E264000AD9556 /* Build configuration list for PBXNativeTarget "EP CalipersTests" */ = {
			isa = XCConfigurationList;
			buildConfigurations = (
				8E3DA8141C2E264000AD9556 /* Debug */,
				8E3DA8151C2E264000AD9556 /* Release */,
			);
			defaultConfigurationIsVisible = 0;
			defaultConfigurationName = Release;
		};
		8E3DA8161C2E264000AD9556 /* Build configuration list for PBXNativeTarget "EP CalipersUITests" */ = {
			isa = XCConfigurationList;
			buildConfigurations = (
				8E3DA8171C2E264000AD9556 /* Debug */,
				8E3DA8181C2E264000AD9556 /* Release */,
			);
			defaultConfigurationIsVisible = 0;
			defaultConfigurationName = Release;
		};
/* End XCConfigurationList section */
	};
	rootObject = 8E3DA7E51C2E264000AD9556 /* Project object */;
}
