// !$*UTF8*$!
{
	archiveVersion = 1;
	classes = {
	};
	objectVersion = 46;
	objects = {

/* Begin PBXBuildFile section */
		7D22B3F009C4007A505CE6C1 /* Pods_EP_Calipers.framework in Frameworks */ = {isa = PBXBuildFile; fileRef = 9E13E2CC0D294FA41ABD1069 /* Pods_EP_Calipers.framework */; };
		8E2282481C398B1300337695 /* CalipersView.swift in Sources */ = {isa = PBXBuildFile; fileRef = 8E2282471C398B1300337695 /* CalipersView.swift */; };
		8E23BACB1C518CF6009E7A58 /* Preferences.swift in Sources */ = {isa = PBXBuildFile; fileRef = 8E23BACA1C518CF6009E7A58 /* Preferences.swift */; };
		8E2867801F2A5CD700AF335C /* Localizable.strings in Resources */ = {isa = PBXBuildFile; fileRef = 8E2867821F2A5CD700AF335C /* Localizable.strings */; };
		8E31CB401C8F571C00BB3195 /* FixedIKImageView.m in Sources */ = {isa = PBXBuildFile; fileRef = 8E31CB3F1C8F571C00BB3195 /* FixedIKImageView.m */; };
		8E3C818D1FCFB11F004BD5FD /* EPCalipersHelp in Resources */ = {isa = PBXBuildFile; fileRef = 8E3C818C1FCFB11F004BD5FD /* EPCalipersHelp */; };
		8E3DA7F11C2E264000AD9556 /* AppDelegate.swift in Sources */ = {isa = PBXBuildFile; fileRef = 8E3DA7F01C2E264000AD9556 /* AppDelegate.swift */; };
		8E3DA7F31C2E264000AD9556 /* Assets.xcassets in Resources */ = {isa = PBXBuildFile; fileRef = 8E3DA7F21C2E264000AD9556 /* Assets.xcassets */; };
		8E3DA7F61C2E264000AD9556 /* MainMenu.xib in Resources */ = {isa = PBXBuildFile; fileRef = 8E3DA7F41C2E264000AD9556 /* MainMenu.xib */; };
		8E3DA8011C2E264000AD9556 /* EP_CalipersTests.swift in Sources */ = {isa = PBXBuildFile; fileRef = 8E3DA8001C2E264000AD9556 /* EP_CalipersTests.swift */; };
		8E3DA80C1C2E264000AD9556 /* EP_CalipersUITests.swift in Sources */ = {isa = PBXBuildFile; fileRef = 8E3DA80B1C2E264000AD9556 /* EP_CalipersUITests.swift */; };
		8E3DA81A1C306C1300AD9556 /* MainWindowController.swift in Sources */ = {isa = PBXBuildFile; fileRef = 8E3DA8191C306C1300AD9556 /* MainWindowController.swift */; };
		8E3DA81E1C30850200AD9556 /* Quartz.framework in Frameworks */ = {isa = PBXBuildFile; fileRef = 8E3DA81D1C30850200AD9556 /* Quartz.framework */; };
		8E3DA8201C30859A00AD9556 /* QuartzCore.framework in Frameworks */ = {isa = PBXBuildFile; fileRef = 8E3DA81F1C30859A00AD9556 /* QuartzCore.framework */; };
		8E545CA91F95A27500B1CEB0 /* QTcResult.swift in Sources */ = {isa = PBXBuildFile; fileRef = 8E545CA81F95A27500B1CEB0 /* QTcResult.swift */; };
		8E74037E223B538A002D5ED6 /* sampleECG.jpg in Resources */ = {isa = PBXBuildFile; fileRef = 8E74037D223B538A002D5ED6 /* sampleECG.jpg */; };
		8E7C36D01F2ED88200E5FDA8 /* View.xib in Resources */ = {isa = PBXBuildFile; fileRef = 8E7C36CE1F2ED88200E5FDA8 /* View.xib */; };
		8E8B9BC01E2ED1A0000386E7 /* MainView.swift in Sources */ = {isa = PBXBuildFile; fileRef = 8E8B9BBF1E2ED1A0000386E7 /* MainView.swift */; };
		8EA7EFC01C3F471F002E0085 /* Caliper.swift in Sources */ = {isa = PBXBuildFile; fileRef = 8EA7EFBF1C3F471F002E0085 /* Caliper.swift */; };
		8EA7EFC21C4378A4002E0085 /* Calibration.swift in Sources */ = {isa = PBXBuildFile; fileRef = 8EA7EFC11C4378A4002E0085 /* Calibration.swift */; };
		8EA7EFC91C472973002E0085 /* TB_rotate.tiff in Resources */ = {isa = PBXBuildFile; fileRef = 8EA7EFC41C472973002E0085 /* TB_rotate.tiff */; };
		8EA7EFCA1C472973002E0085 /* TB_zoomActual.png in Resources */ = {isa = PBXBuildFile; fileRef = 8EA7EFC51C472973002E0085 /* TB_zoomActual.png */; };
		8EA7EFCB1C472973002E0085 /* TB_zoomIn.png in Resources */ = {isa = PBXBuildFile; fileRef = 8EA7EFC61C472973002E0085 /* TB_zoomIn.png */; };
		8EA7EFCC1C472973002E0085 /* TB_zoomOut.png in Resources */ = {isa = PBXBuildFile; fileRef = 8EA7EFC71C472973002E0085 /* TB_zoomOut.png */; };
		8EA7EFCD1C472973002E0085 /* TB_zoomToFit.png in Resources */ = {isa = PBXBuildFile; fileRef = 8EA7EFC81C472973002E0085 /* TB_zoomToFit.png */; };
		8EA7EFCF1C473049002E0085 /* TB_move.tiff in Resources */ = {isa = PBXBuildFile; fileRef = 8EA7EFCE1C473049002E0085 /* TB_move.tiff */; };
		8EA7EFD11C4740C0002E0085 /* lock-20.png in Resources */ = {isa = PBXBuildFile; fileRef = 8EA7EFD01C4740C0002E0085 /* lock-20.png */; };
		8EA7EFD31C4742E4002E0085 /* lock-16.png in Resources */ = {isa = PBXBuildFile; fileRef = 8EA7EFD21C4742E4002E0085 /* lock-16.png */; };
		8EA7EFD51C47545B002E0085 /* calipers-icon-bw-20x20.png in Resources */ = {isa = PBXBuildFile; fileRef = 8EA7EFD41C47545B002E0085 /* calipers-icon-bw-20x20.png */; };
		8EA7EFD71C47546D002E0085 /* calipers-amplitude-icon-bw-20x20.png in Resources */ = {isa = PBXBuildFile; fileRef = 8EA7EFD61C47546D002E0085 /* calipers-amplitude-icon-bw-20x20.png */; };
		8EB06E351F1E5D6300C65879 /* Normal 12_Lead ECG.jpg in Resources */ = {isa = PBXBuildFile; fileRef = 8EB06E341F1E5D6300C65879 /* Normal 12_Lead ECG.jpg */; };
		8EB72C9A1E2154340083DE96 /* AngleCaliper.swift in Sources */ = {isa = PBXBuildFile; fileRef = 8EB72C991E2154340083DE96 /* AngleCaliper.swift */; };
		8EB72C9E1E21A94F0083DE96 /* angle_icon_2_20x20.png in Resources */ = {isa = PBXBuildFile; fileRef = 8EB72C9D1E21A94F0083DE96 /* angle_icon_2_20x20.png */; };
		8ED1677E1F1C1D0200F44DF3 /* MainWindowController.xib in Resources */ = {isa = PBXBuildFile; fileRef = 8ED167801F1C1D0200F44DF3 /* MainWindowController.xib */; };
		8EFCD97B1F30D289007B3A45 /* InfoPlist.strings in Resources */ = {isa = PBXBuildFile; fileRef = 8EFCD97D1F30D289007B3A45 /* InfoPlist.strings */; };
		BC22D256FB148CA20F171A61 /* Pods_EP_CalipersTests.framework in Frameworks */ = {isa = PBXBuildFile; fileRef = 4B808683C218942F5BC15DDB /* Pods_EP_CalipersTests.framework */; };
/* End PBXBuildFile section */

/* Begin PBXContainerItemProxy section */
		8E3DA7FD1C2E264000AD9556 /* PBXContainerItemProxy */ = {
			isa = PBXContainerItemProxy;
			containerPortal = 8E3DA7E51C2E264000AD9556 /* Project object */;
			proxyType = 1;
			remoteGlobalIDString = 8E3DA7EC1C2E264000AD9556;
			remoteInfo = "EP Calipers";
		};
		8E3DA8081C2E264000AD9556 /* PBXContainerItemProxy */ = {
			isa = PBXContainerItemProxy;
			containerPortal = 8E3DA7E51C2E264000AD9556 /* Project object */;
			proxyType = 1;
			remoteGlobalIDString = 8E3DA7EC1C2E264000AD9556;
			remoteInfo = "EP Calipers";
		};
/* End PBXContainerItemProxy section */

/* Begin PBXCopyFilesBuildPhase section */
		8EFBEE481F9B07C200F03E23 /* Copy Files */ = {
			isa = PBXCopyFilesBuildPhase;
			buildActionMask = 2147483647;
			dstPath = "";
			dstSubfolderSpec = 10;
			files = (
			);
			name = "Copy Files";
			runOnlyForDeploymentPostprocessing = 0;
		};
/* End PBXCopyFilesBuildPhase section */

/* Begin PBXFileReference section */
		1FCEDC1A6D19AD2705C6CC7C /* Pods-EP CalipersTests.release.xcconfig */ = {isa = PBXFileReference; includeInIndex = 1; lastKnownFileType = text.xcconfig; name = "Pods-EP CalipersTests.release.xcconfig"; path = "Pods/Target Support Files/Pods-EP CalipersTests/Pods-EP CalipersTests.release.xcconfig"; sourceTree = "<group>"; };
		4B808683C218942F5BC15DDB /* Pods_EP_CalipersTests.framework */ = {isa = PBXFileReference; explicitFileType = wrapper.framework; includeInIndex = 0; path = Pods_EP_CalipersTests.framework; sourceTree = BUILT_PRODUCTS_DIR; };
		81C1360E6AA6A852758D21FA /* Pods-EP Calipers.debug.xcconfig */ = {isa = PBXFileReference; includeInIndex = 1; lastKnownFileType = text.xcconfig; name = "Pods-EP Calipers.debug.xcconfig"; path = "Pods/Target Support Files/Pods-EP Calipers/Pods-EP Calipers.debug.xcconfig"; sourceTree = "<group>"; };
		8E02593E1E37B49700820703 /* ExceptionCatcher.h */ = {isa = PBXFileReference; lastKnownFileType = sourcecode.c.h; path = ExceptionCatcher.h; sourceTree = "<group>"; };
		8E2282471C398B1300337695 /* CalipersView.swift */ = {isa = PBXFileReference; fileEncoding = 4; lastKnownFileType = sourcecode.swift; path = CalipersView.swift; sourceTree = "<group>"; };
		8E23BACA1C518CF6009E7A58 /* Preferences.swift */ = {isa = PBXFileReference; fileEncoding = 4; lastKnownFileType = sourcecode.swift; path = Preferences.swift; sourceTree = "<group>"; };
		8E2867811F2A5CD700AF335C /* en */ = {isa = PBXFileReference; fileEncoding = 4; lastKnownFileType = text.plist.strings; name = en; path = en.lproj/Localizable.strings; sourceTree = "<group>"; };
		8E2867831F2A5CDB00AF335C /* fr */ = {isa = PBXFileReference; fileEncoding = 4; lastKnownFileType = text.plist.strings; name = fr; path = fr.lproj/Localizable.strings; sourceTree = "<group>"; };
		8E31CB3D1C8F571B00BB3195 /* EP Calipers-Bridging-Header.h */ = {isa = PBXFileReference; lastKnownFileType = sourcecode.c.h; path = "EP Calipers-Bridging-Header.h"; sourceTree = "<group>"; };
		8E31CB3E1C8F571C00BB3195 /* FixedIKImageView.h */ = {isa = PBXFileReference; fileEncoding = 4; lastKnownFileType = sourcecode.c.h; path = FixedIKImageView.h; sourceTree = "<group>"; };
		8E31CB3F1C8F571C00BB3195 /* FixedIKImageView.m */ = {isa = PBXFileReference; fileEncoding = 4; lastKnownFileType = sourcecode.c.objc; path = FixedIKImageView.m; sourceTree = "<group>"; };
		8E3C818C1FCFB11F004BD5FD /* EPCalipersHelp */ = {isa = PBXFileReference; lastKnownFileType = folder; path = EPCalipersHelp; sourceTree = "<group>"; };
		8E3DA7ED1C2E264000AD9556 /* EP Calipers.app */ = {isa = PBXFileReference; explicitFileType = wrapper.application; includeInIndex = 0; path = "EP Calipers.app"; sourceTree = BUILT_PRODUCTS_DIR; };
		8E3DA7F01C2E264000AD9556 /* AppDelegate.swift */ = {isa = PBXFileReference; lastKnownFileType = sourcecode.swift; path = AppDelegate.swift; sourceTree = "<group>"; };
		8E3DA7F21C2E264000AD9556 /* Assets.xcassets */ = {isa = PBXFileReference; lastKnownFileType = folder.assetcatalog; path = Assets.xcassets; sourceTree = "<group>"; };
		8E3DA7F51C2E264000AD9556 /* Base */ = {isa = PBXFileReference; lastKnownFileType = file.xib; name = Base; path = Base.lproj/MainMenu.xib; sourceTree = "<group>"; };
		8E3DA7F71C2E264000AD9556 /* Info.plist */ = {isa = PBXFileReference; lastKnownFileType = text.plist.xml; path = Info.plist; sourceTree = "<group>"; };
		8E3DA7FC1C2E264000AD9556 /* EP CalipersTests.xctest */ = {isa = PBXFileReference; explicitFileType = wrapper.cfbundle; includeInIndex = 0; path = "EP CalipersTests.xctest"; sourceTree = BUILT_PRODUCTS_DIR; };
		8E3DA8001C2E264000AD9556 /* EP_CalipersTests.swift */ = {isa = PBXFileReference; lastKnownFileType = sourcecode.swift; path = EP_CalipersTests.swift; sourceTree = "<group>"; };
		8E3DA8021C2E264000AD9556 /* Info.plist */ = {isa = PBXFileReference; lastKnownFileType = text.plist.xml; path = Info.plist; sourceTree = "<group>"; };
		8E3DA8071C2E264000AD9556 /* EP CalipersUITests.xctest */ = {isa = PBXFileReference; explicitFileType = wrapper.cfbundle; includeInIndex = 0; path = "EP CalipersUITests.xctest"; sourceTree = BUILT_PRODUCTS_DIR; };
		8E3DA80B1C2E264000AD9556 /* EP_CalipersUITests.swift */ = {isa = PBXFileReference; lastKnownFileType = sourcecode.swift; path = EP_CalipersUITests.swift; sourceTree = "<group>"; };
		8E3DA80D1C2E264000AD9556 /* Info.plist */ = {isa = PBXFileReference; lastKnownFileType = text.plist.xml; path = Info.plist; sourceTree = "<group>"; };
		8E3DA8191C306C1300AD9556 /* MainWindowController.swift */ = {isa = PBXFileReference; fileEncoding = 4; lastKnownFileType = sourcecode.swift; path = MainWindowController.swift; sourceTree = "<group>"; };
		8E3DA81D1C30850200AD9556 /* Quartz.framework */ = {isa = PBXFileReference; lastKnownFileType = wrapper.framework; name = Quartz.framework; path = System/Library/Frameworks/Quartz.framework; sourceTree = SDKROOT; };
		8E3DA81F1C30859A00AD9556 /* QuartzCore.framework */ = {isa = PBXFileReference; lastKnownFileType = wrapper.framework; name = QuartzCore.framework; path = System/Library/Frameworks/QuartzCore.framework; sourceTree = SDKROOT; };
		8E545CA81F95A27500B1CEB0 /* QTcResult.swift */ = {isa = PBXFileReference; lastKnownFileType = sourcecode.swift; path = QTcResult.swift; sourceTree = "<group>"; };
		8E74037D223B538A002D5ED6 /* sampleECG.jpg */ = {isa = PBXFileReference; lastKnownFileType = image.jpeg; path = sampleECG.jpg; sourceTree = "<group>"; };
		8E7C36D11F2ED89000E5FDA8 /* Base */ = {isa = PBXFileReference; lastKnownFileType = file.xib; name = Base; path = Base.lproj/View.xib; sourceTree = "<group>"; };
		8E7C36D31F2ED94F00E5FDA8 /* fr */ = {isa = PBXFileReference; lastKnownFileType = text.plist.strings; name = fr; path = fr.lproj/View.strings; sourceTree = "<group>"; };
		8E8B9BBF1E2ED1A0000386E7 /* MainView.swift */ = {isa = PBXFileReference; fileEncoding = 4; lastKnownFileType = sourcecode.swift; path = MainView.swift; sourceTree = "<group>"; };
		8EA7EFBF1C3F471F002E0085 /* Caliper.swift */ = {isa = PBXFileReference; fileEncoding = 4; lastKnownFileType = sourcecode.swift; path = Caliper.swift; sourceTree = "<group>"; };
		8EA7EFC11C4378A4002E0085 /* Calibration.swift */ = {isa = PBXFileReference; fileEncoding = 4; lastKnownFileType = sourcecode.swift; path = Calibration.swift; sourceTree = "<group>"; };
		8EA7EFC41C472973002E0085 /* TB_rotate.tiff */ = {isa = PBXFileReference; lastKnownFileType = image.tiff; path = TB_rotate.tiff; sourceTree = "<group>"; };
		8EA7EFC51C472973002E0085 /* TB_zoomActual.png */ = {isa = PBXFileReference; lastKnownFileType = image.png; path = TB_zoomActual.png; sourceTree = "<group>"; };
		8EA7EFC61C472973002E0085 /* TB_zoomIn.png */ = {isa = PBXFileReference; lastKnownFileType = image.png; path = TB_zoomIn.png; sourceTree = "<group>"; };
		8EA7EFC71C472973002E0085 /* TB_zoomOut.png */ = {isa = PBXFileReference; lastKnownFileType = image.png; path = TB_zoomOut.png; sourceTree = "<group>"; };
		8EA7EFC81C472973002E0085 /* TB_zoomToFit.png */ = {isa = PBXFileReference; lastKnownFileType = image.png; path = TB_zoomToFit.png; sourceTree = "<group>"; };
		8EA7EFCE1C473049002E0085 /* TB_move.tiff */ = {isa = PBXFileReference; lastKnownFileType = image.tiff; path = TB_move.tiff; sourceTree = "<group>"; };
		8EA7EFD01C4740C0002E0085 /* lock-20.png */ = {isa = PBXFileReference; lastKnownFileType = image.png; path = "lock-20.png"; sourceTree = "<group>"; };
		8EA7EFD21C4742E4002E0085 /* lock-16.png */ = {isa = PBXFileReference; lastKnownFileType = image.png; path = "lock-16.png"; sourceTree = "<group>"; };
		8EA7EFD41C47545B002E0085 /* calipers-icon-bw-20x20.png */ = {isa = PBXFileReference; lastKnownFileType = image.png; path = "calipers-icon-bw-20x20.png"; sourceTree = "<group>"; };
		8EA7EFD61C47546D002E0085 /* calipers-amplitude-icon-bw-20x20.png */ = {isa = PBXFileReference; lastKnownFileType = image.png; path = "calipers-amplitude-icon-bw-20x20.png"; sourceTree = "<group>"; };
		8EB06E341F1E5D6300C65879 /* Normal 12_Lead ECG.jpg */ = {isa = PBXFileReference; lastKnownFileType = image.jpeg; path = "Normal 12_Lead ECG.jpg"; sourceTree = "<group>"; };
		8EB72C991E2154340083DE96 /* AngleCaliper.swift */ = {isa = PBXFileReference; fileEncoding = 4; lastKnownFileType = sourcecode.swift; path = AngleCaliper.swift; sourceTree = "<group>"; };
		8EB72C9D1E21A94F0083DE96 /* angle_icon_2_20x20.png */ = {isa = PBXFileReference; lastKnownFileType = image.png; path = angle_icon_2_20x20.png; sourceTree = "<group>"; };
		8ED06CB31C5549C1000FD545 /* EP Calipers.entitlements */ = {isa = PBXFileReference; lastKnownFileType = text.xml; path = "EP Calipers.entitlements"; sourceTree = "<group>"; };
		8ED1677D1F1C19B200F44DF3 /* fr */ = {isa = PBXFileReference; lastKnownFileType = text.plist.strings; name = fr; path = fr.lproj/MainMenu.strings; sourceTree = "<group>"; };
		8ED1677F1F1C1D0200F44DF3 /* Base */ = {isa = PBXFileReference; lastKnownFileType = file.xib; name = Base; path = Base.lproj/MainWindowController.xib; sourceTree = "<group>"; };
		8ED167821F1C1D1100F44DF3 /* fr */ = {isa = PBXFileReference; lastKnownFileType = text.plist.strings; name = fr; path = fr.lproj/MainWindowController.strings; sourceTree = "<group>"; };
		8EFCD97C1F30D289007B3A45 /* fr */ = {isa = PBXFileReference; lastKnownFileType = text.plist.strings; name = fr; path = fr.lproj/InfoPlist.strings; sourceTree = "<group>"; };
		8EFCD97E1F30D28C007B3A45 /* en */ = {isa = PBXFileReference; lastKnownFileType = text.plist.strings; name = en; path = en.lproj/InfoPlist.strings; sourceTree = "<group>"; };
		9E13E2CC0D294FA41ABD1069 /* Pods_EP_Calipers.framework */ = {isa = PBXFileReference; explicitFileType = wrapper.framework; includeInIndex = 0; path = Pods_EP_Calipers.framework; sourceTree = BUILT_PRODUCTS_DIR; };
		A8C79A238808151B2EABD25B /* Pods-EP Calipers.release.xcconfig */ = {isa = PBXFileReference; includeInIndex = 1; lastKnownFileType = text.xcconfig; name = "Pods-EP Calipers.release.xcconfig"; path = "Pods/Target Support Files/Pods-EP Calipers/Pods-EP Calipers.release.xcconfig"; sourceTree = "<group>"; };
		C307C4CACD01B7C1C41141D6 /* Pods-EP CalipersTests.debug.xcconfig */ = {isa = PBXFileReference; includeInIndex = 1; lastKnownFileType = text.xcconfig; name = "Pods-EP CalipersTests.debug.xcconfig"; path = "Pods/Target Support Files/Pods-EP CalipersTests/Pods-EP CalipersTests.debug.xcconfig"; sourceTree = "<group>"; };
/* End PBXFileReference section */

/* Begin PBXFrameworksBuildPhase section */
		8E3DA7EA1C2E264000AD9556 /* Frameworks */ = {
			isa = PBXFrameworksBuildPhase;
			buildActionMask = 2147483647;
			files = (
				8E3DA8201C30859A00AD9556 /* QuartzCore.framework in Frameworks */,
				8E3DA81E1C30850200AD9556 /* Quartz.framework in Frameworks */,
				7D22B3F009C4007A505CE6C1 /* Pods_EP_Calipers.framework in Frameworks */,
			);
			runOnlyForDeploymentPostprocessing = 0;
		};
		8E3DA7F91C2E264000AD9556 /* Frameworks */ = {
			isa = PBXFrameworksBuildPhase;
			buildActionMask = 2147483647;
			files = (
				BC22D256FB148CA20F171A61 /* Pods_EP_CalipersTests.framework in Frameworks */,
			);
			runOnlyForDeploymentPostprocessing = 0;
		};
		8E3DA8041C2E264000AD9556 /* Frameworks */ = {
			isa = PBXFrameworksBuildPhase;
			buildActionMask = 2147483647;
			files = (
			);
			runOnlyForDeploymentPostprocessing = 0;
		};
/* End PBXFrameworksBuildPhase section */

/* Begin PBXGroup section */
		8E3DA7E41C2E264000AD9556 = {
			isa = PBXGroup;
			children = (
				8E3DA81F1C30859A00AD9556 /* QuartzCore.framework */,
				8E3DA81D1C30850200AD9556 /* Quartz.framework */,
				8EA7EFC31C472909002E0085 /* Resources */,
				8E3DA7EF1C2E264000AD9556 /* EP Calipers */,
				8E3DA7FF1C2E264000AD9556 /* EP CalipersTests */,
				8E3DA80A1C2E264000AD9556 /* EP CalipersUITests */,
				8E3DA7EE1C2E264000AD9556 /* Products */,
				8E61A21F1F98460700625288 /* Frameworks */,
				94B026D62EEB50920342AE38 /* Pods */,
			);
			sourceTree = "<group>";
		};
		8E3DA7EE1C2E264000AD9556 /* Products */ = {
			isa = PBXGroup;
			children = (
				8E3DA7ED1C2E264000AD9556 /* EP Calipers.app */,
				8E3DA7FC1C2E264000AD9556 /* EP CalipersTests.xctest */,
				8E3DA8071C2E264000AD9556 /* EP CalipersUITests.xctest */,
			);
			name = Products;
			sourceTree = "<group>";
		};
		8E3DA7EF1C2E264000AD9556 /* EP Calipers */ = {
			isa = PBXGroup;
			children = (
				8E74037D223B538A002D5ED6 /* sampleECG.jpg */,
				8E7C36CE1F2ED88200E5FDA8 /* View.xib */,
				8E2867821F2A5CD700AF335C /* Localizable.strings */,
				8EB06E341F1E5D6300C65879 /* Normal 12_Lead ECG.jpg */,
				8ED06CB31C5549C1000FD545 /* EP Calipers.entitlements */,
				8E3DA7F01C2E264000AD9556 /* AppDelegate.swift */,
				8E3DA7F21C2E264000AD9556 /* Assets.xcassets */,
				8E3DA7F41C2E264000AD9556 /* MainMenu.xib */,
				8E3DA7F71C2E264000AD9556 /* Info.plist */,
				8E3DA8191C306C1300AD9556 /* MainWindowController.swift */,
				8ED167801F1C1D0200F44DF3 /* MainWindowController.xib */,
				8E2282471C398B1300337695 /* CalipersView.swift */,
				8EA7EFBF1C3F471F002E0085 /* Caliper.swift */,
				8EB72C991E2154340083DE96 /* AngleCaliper.swift */,
				8EA7EFC11C4378A4002E0085 /* Calibration.swift */,
				8E23BACA1C518CF6009E7A58 /* Preferences.swift */,
				8E31CB3E1C8F571C00BB3195 /* FixedIKImageView.h */,
				8E31CB3F1C8F571C00BB3195 /* FixedIKImageView.m */,
				8E31CB3D1C8F571B00BB3195 /* EP Calipers-Bridging-Header.h */,
				8E8B9BBF1E2ED1A0000386E7 /* MainView.swift */,
				8E02593E1E37B49700820703 /* ExceptionCatcher.h */,
				8EFCD97D1F30D289007B3A45 /* InfoPlist.strings */,
				8E545CA81F95A27500B1CEB0 /* QTcResult.swift */,
			);
			path = "EP Calipers";
			sourceTree = "<group>";
		};
		8E3DA7FF1C2E264000AD9556 /* EP CalipersTests */ = {
			isa = PBXGroup;
			children = (
				8E3DA8001C2E264000AD9556 /* EP_CalipersTests.swift */,
				8E3DA8021C2E264000AD9556 /* Info.plist */,
			);
			path = "EP CalipersTests";
			sourceTree = "<group>";
		};
		8E3DA80A1C2E264000AD9556 /* EP CalipersUITests */ = {
			isa = PBXGroup;
			children = (
				8E3DA80B1C2E264000AD9556 /* EP_CalipersUITests.swift */,
				8E3DA80D1C2E264000AD9556 /* Info.plist */,
			);
			path = "EP CalipersUITests";
			sourceTree = "<group>";
		};
		8E61A21F1F98460700625288 /* Frameworks */ = {
			isa = PBXGroup;
			children = (
				9E13E2CC0D294FA41ABD1069 /* Pods_EP_Calipers.framework */,
				4B808683C218942F5BC15DDB /* Pods_EP_CalipersTests.framework */,
			);
			name = Frameworks;
			sourceTree = "<group>";
		};
		8EA7EFC31C472909002E0085 /* Resources */ = {
			isa = PBXGroup;
			children = (
				8E3C818C1FCFB11F004BD5FD /* EPCalipersHelp */,
				8EB72C9D1E21A94F0083DE96 /* angle_icon_2_20x20.png */,
				8EA7EFD61C47546D002E0085 /* calipers-amplitude-icon-bw-20x20.png */,
				8EA7EFD41C47545B002E0085 /* calipers-icon-bw-20x20.png */,
				8EA7EFD21C4742E4002E0085 /* lock-16.png */,
				8EA7EFD01C4740C0002E0085 /* lock-20.png */,
				8EA7EFCE1C473049002E0085 /* TB_move.tiff */,
				8EA7EFC41C472973002E0085 /* TB_rotate.tiff */,
				8EA7EFC51C472973002E0085 /* TB_zoomActual.png */,
				8EA7EFC61C472973002E0085 /* TB_zoomIn.png */,
				8EA7EFC71C472973002E0085 /* TB_zoomOut.png */,
				8EA7EFC81C472973002E0085 /* TB_zoomToFit.png */,
			);
			name = Resources;
			sourceTree = "<group>";
		};
		94B026D62EEB50920342AE38 /* Pods */ = {
			isa = PBXGroup;
			children = (
				81C1360E6AA6A852758D21FA /* Pods-EP Calipers.debug.xcconfig */,
				A8C79A238808151B2EABD25B /* Pods-EP Calipers.release.xcconfig */,
				C307C4CACD01B7C1C41141D6 /* Pods-EP CalipersTests.debug.xcconfig */,
				1FCEDC1A6D19AD2705C6CC7C /* Pods-EP CalipersTests.release.xcconfig */,
			);
			name = Pods;
			sourceTree = "<group>";
		};
/* End PBXGroup section */

/* Begin PBXNativeTarget section */
		8E3DA7EC1C2E264000AD9556 /* EP Calipers */ = {
			isa = PBXNativeTarget;
			buildConfigurationList = 8E3DA8101C2E264000AD9556 /* Build configuration list for PBXNativeTarget "EP Calipers" */;
			buildPhases = (
				03987AB5CBBC3EE1C2DA5E8A /* [CP] Check Pods Manifest.lock */,
				8E3DA7E91C2E264000AD9556 /* Sources */,
				8E3DA7EA1C2E264000AD9556 /* Frameworks */,
				8E3DA7EB1C2E264000AD9556 /* Resources */,
				8EFBEE481F9B07C200F03E23 /* Copy Files */,
				5E7577FAEEAF34A90B013217 /* [CP] Embed Pods Frameworks */,
			);
			buildRules = (
			);
			dependencies = (
			);
			name = "EP Calipers";
			productName = "EP Calipers";
			productReference = 8E3DA7ED1C2E264000AD9556 /* EP Calipers.app */;
			productType = "com.apple.product-type.application";
		};
		8E3DA7FB1C2E264000AD9556 /* EP CalipersTests */ = {
			isa = PBXNativeTarget;
			buildConfigurationList = 8E3DA8131C2E264000AD9556 /* Build configuration list for PBXNativeTarget "EP CalipersTests" */;
			buildPhases = (
				AB3980D920C107ACE3EF976C /* [CP] Check Pods Manifest.lock */,
				8E3DA7F81C2E264000AD9556 /* Sources */,
				8E3DA7F91C2E264000AD9556 /* Frameworks */,
				8E3DA7FA1C2E264000AD9556 /* Resources */,
			);
			buildRules = (
			);
			dependencies = (
				8E3DA7FE1C2E264000AD9556 /* PBXTargetDependency */,
			);
			name = "EP CalipersTests";
			productName = "EP CalipersTests";
			productReference = 8E3DA7FC1C2E264000AD9556 /* EP CalipersTests.xctest */;
			productType = "com.apple.product-type.bundle.unit-test";
		};
		8E3DA8061C2E264000AD9556 /* EP CalipersUITests */ = {
			isa = PBXNativeTarget;
			buildConfigurationList = 8E3DA8161C2E264000AD9556 /* Build configuration list for PBXNativeTarget "EP CalipersUITests" */;
			buildPhases = (
				8E3DA8031C2E264000AD9556 /* Sources */,
				8E3DA8041C2E264000AD9556 /* Frameworks */,
				8E3DA8051C2E264000AD9556 /* Resources */,
			);
			buildRules = (
			);
			dependencies = (
				8E3DA8091C2E264000AD9556 /* PBXTargetDependency */,
			);
			name = "EP CalipersUITests";
			productName = "EP CalipersUITests";
			productReference = 8E3DA8071C2E264000AD9556 /* EP CalipersUITests.xctest */;
			productType = "com.apple.product-type.bundle.ui-testing";
		};
/* End PBXNativeTarget section */

/* Begin PBXProject section */
		8E3DA7E51C2E264000AD9556 /* Project object */ = {
			isa = PBXProject;
			attributes = {
				LastSwiftUpdateCheck = 0720;
				LastUpgradeCheck = 1110;
				ORGANIZATIONNAME = "EP Studios";
				TargetAttributes = {
					8E3DA7EC1C2E264000AD9556 = {
						CreatedOnToolsVersion = 7.2;
						DevelopmentTeam = W74NPJXYEG;
						LastSwiftMigration = 1020;
						ProvisioningStyle = Automatic;
						SystemCapabilities = {
							com.apple.Sandbox = {
								enabled = 1;
							};
						};
					};
					8E3DA7FB1C2E264000AD9556 = {
						CreatedOnToolsVersion = 7.2;
						LastSwiftMigration = 1020;
						TestTargetID = 8E3DA7EC1C2E264000AD9556;
					};
					8E3DA8061C2E264000AD9556 = {
						CreatedOnToolsVersion = 7.2;
						LastSwiftMigration = 0900;
						TestTargetID = 8E3DA7EC1C2E264000AD9556;
					};
				};
			};
			buildConfigurationList = 8E3DA7E81C2E264000AD9556 /* Build configuration list for PBXProject "EP Calipers" */;
			compatibilityVersion = "Xcode 3.2";
			developmentRegion = en;
			hasScannedForEncodings = 0;
			knownRegions = (
				en,
				Base,
				fr,
			);
			mainGroup = 8E3DA7E41C2E264000AD9556;
			productRefGroup = 8E3DA7EE1C2E264000AD9556 /* Products */;
			projectDirPath = "";
			projectRoot = "";
			targets = (
				8E3DA7EC1C2E264000AD9556 /* EP Calipers */,
				8E3DA7FB1C2E264000AD9556 /* EP CalipersTests */,
				8E3DA8061C2E264000AD9556 /* EP CalipersUITests */,
			);
		};
/* End PBXProject section */

/* Begin PBXResourcesBuildPhase section */
		8E3DA7EB1C2E264000AD9556 /* Resources */ = {
			isa = PBXResourcesBuildPhase;
			buildActionMask = 2147483647;
			files = (
				8EA7EFCA1C472973002E0085 /* TB_zoomActual.png in Resources */,
				8EB06E351F1E5D6300C65879 /* Normal 12_Lead ECG.jpg in Resources */,
				8E3DA7F31C2E264000AD9556 /* Assets.xcassets in Resources */,
				8EB72C9E1E21A94F0083DE96 /* angle_icon_2_20x20.png in Resources */,
				8EA7EFC91C472973002E0085 /* TB_rotate.tiff in Resources */,
				8EA7EFD71C47546D002E0085 /* calipers-amplitude-icon-bw-20x20.png in Resources */,
				8EA7EFCF1C473049002E0085 /* TB_move.tiff in Resources */,
				8EA7EFCC1C472973002E0085 /* TB_zoomOut.png in Resources */,
				8EA7EFD11C4740C0002E0085 /* lock-20.png in Resources */,
				8E74037E223B538A002D5ED6 /* sampleECG.jpg in Resources */,
				8EA7EFD31C4742E4002E0085 /* lock-16.png in Resources */,
				8EFCD97B1F30D289007B3A45 /* InfoPlist.strings in Resources */,
				8EA7EFD51C47545B002E0085 /* calipers-icon-bw-20x20.png in Resources */,
				8E7C36D01F2ED88200E5FDA8 /* View.xib in Resources */,
				8E2867801F2A5CD700AF335C /* Localizable.strings in Resources */,
				8ED1677E1F1C1D0200F44DF3 /* MainWindowController.xib in Resources */,
				8EA7EFCB1C472973002E0085 /* TB_zoomIn.png in Resources */,
				8E3C818D1FCFB11F004BD5FD /* EPCalipersHelp in Resources */,
				8EA7EFCD1C472973002E0085 /* TB_zoomToFit.png in Resources */,
				8E3DA7F61C2E264000AD9556 /* MainMenu.xib in Resources */,
			);
			runOnlyForDeploymentPostprocessing = 0;
		};
		8E3DA7FA1C2E264000AD9556 /* Resources */ = {
			isa = PBXResourcesBuildPhase;
			buildActionMask = 2147483647;
			files = (
			);
			runOnlyForDeploymentPostprocessing = 0;
		};
		8E3DA8051C2E264000AD9556 /* Resources */ = {
			isa = PBXResourcesBuildPhase;
			buildActionMask = 2147483647;
			files = (
			);
			runOnlyForDeploymentPostprocessing = 0;
		};
/* End PBXResourcesBuildPhase section */

/* Begin PBXShellScriptBuildPhase section */
		03987AB5CBBC3EE1C2DA5E8A /* [CP] Check Pods Manifest.lock */ = {
			isa = PBXShellScriptBuildPhase;
			buildActionMask = 2147483647;
			files = (
			);
			inputPaths = (
				"${PODS_PODFILE_DIR_PATH}/Podfile.lock",
				"${PODS_ROOT}/Manifest.lock",
			);
			name = "[CP] Check Pods Manifest.lock";
			outputPaths = (
				"$(DERIVED_FILE_DIR)/Pods-EP Calipers-checkManifestLockResult.txt",
			);
			runOnlyForDeploymentPostprocessing = 0;
			shellPath = /bin/sh;
			shellScript = "diff \"${PODS_PODFILE_DIR_PATH}/Podfile.lock\" \"${PODS_ROOT}/Manifest.lock\" > /dev/null\nif [ $? != 0 ] ; then\n    # print error to STDERR\n    echo \"error: The sandbox is not in sync with the Podfile.lock. Run 'pod install' or update your CocoaPods installation.\" >&2\n    exit 1\nfi\n# This output is used by Xcode 'outputs' to avoid re-running this script phase.\necho \"SUCCESS\" > \"${SCRIPT_OUTPUT_FILE_0}\"\n";
			showEnvVarsInLog = 0;
		};
		5E7577FAEEAF34A90B013217 /* [CP] Embed Pods Frameworks */ = {
			isa = PBXShellScriptBuildPhase;
			buildActionMask = 2147483647;
			files = (
			);
			inputPaths = (
				"${PODS_ROOT}/Target Support Files/Pods-EP Calipers/Pods-EP Calipers-frameworks.sh",
				"${BUILT_PRODUCTS_DIR}/QTc/QTc.framework",
			);
			name = "[CP] Embed Pods Frameworks";
			outputPaths = (
				"${TARGET_BUILD_DIR}/${FRAMEWORKS_FOLDER_PATH}/QTc.framework",
			);
			runOnlyForDeploymentPostprocessing = 0;
			shellPath = /bin/sh;
			shellScript = "\"${PODS_ROOT}/Target Support Files/Pods-EP Calipers/Pods-EP Calipers-frameworks.sh\"\n";
			showEnvVarsInLog = 0;
		};
		AB3980D920C107ACE3EF976C /* [CP] Check Pods Manifest.lock */ = {
			isa = PBXShellScriptBuildPhase;
			buildActionMask = 2147483647;
			files = (
			);
			inputPaths = (
				"${PODS_PODFILE_DIR_PATH}/Podfile.lock",
				"${PODS_ROOT}/Manifest.lock",
			);
			name = "[CP] Check Pods Manifest.lock";
			outputPaths = (
				"$(DERIVED_FILE_DIR)/Pods-EP CalipersTests-checkManifestLockResult.txt",
			);
			runOnlyForDeploymentPostprocessing = 0;
			shellPath = /bin/sh;
			shellScript = "diff \"${PODS_PODFILE_DIR_PATH}/Podfile.lock\" \"${PODS_ROOT}/Manifest.lock\" > /dev/null\nif [ $? != 0 ] ; then\n    # print error to STDERR\n    echo \"error: The sandbox is not in sync with the Podfile.lock. Run 'pod install' or update your CocoaPods installation.\" >&2\n    exit 1\nfi\n# This output is used by Xcode 'outputs' to avoid re-running this script phase.\necho \"SUCCESS\" > \"${SCRIPT_OUTPUT_FILE_0}\"\n";
			showEnvVarsInLog = 0;
		};
/* End PBXShellScriptBuildPhase section */

/* Begin PBXSourcesBuildPhase section */
		8E3DA7E91C2E264000AD9556 /* Sources */ = {
			isa = PBXSourcesBuildPhase;
			buildActionMask = 2147483647;
			files = (
				8EA7EFC01C3F471F002E0085 /* Caliper.swift in Sources */,
				8E8B9BC01E2ED1A0000386E7 /* MainView.swift in Sources */,
				8E3DA81A1C306C1300AD9556 /* MainWindowController.swift in Sources */,
				8E545CA91F95A27500B1CEB0 /* QTcResult.swift in Sources */,
				8E23BACB1C518CF6009E7A58 /* Preferences.swift in Sources */,
				8EA7EFC21C4378A4002E0085 /* Calibration.swift in Sources */,
				8EB72C9A1E2154340083DE96 /* AngleCaliper.swift in Sources */,
				8E3DA7F11C2E264000AD9556 /* AppDelegate.swift in Sources */,
				8E31CB401C8F571C00BB3195 /* FixedIKImageView.m in Sources */,
				8E2282481C398B1300337695 /* CalipersView.swift in Sources */,
			);
			runOnlyForDeploymentPostprocessing = 0;
		};
		8E3DA7F81C2E264000AD9556 /* Sources */ = {
			isa = PBXSourcesBuildPhase;
			buildActionMask = 2147483647;
			files = (
				8E3DA8011C2E264000AD9556 /* EP_CalipersTests.swift in Sources */,
			);
			runOnlyForDeploymentPostprocessing = 0;
		};
		8E3DA8031C2E264000AD9556 /* Sources */ = {
			isa = PBXSourcesBuildPhase;
			buildActionMask = 2147483647;
			files = (
				8E3DA80C1C2E264000AD9556 /* EP_CalipersUITests.swift in Sources */,
			);
			runOnlyForDeploymentPostprocessing = 0;
		};
/* End PBXSourcesBuildPhase section */

/* Begin PBXTargetDependency section */
		8E3DA7FE1C2E264000AD9556 /* PBXTargetDependency */ = {
			isa = PBXTargetDependency;
			target = 8E3DA7EC1C2E264000AD9556 /* EP Calipers */;
			targetProxy = 8E3DA7FD1C2E264000AD9556 /* PBXContainerItemProxy */;
		};
		8E3DA8091C2E264000AD9556 /* PBXTargetDependency */ = {
			isa = PBXTargetDependency;
			target = 8E3DA7EC1C2E264000AD9556 /* EP Calipers */;
			targetProxy = 8E3DA8081C2E264000AD9556 /* PBXContainerItemProxy */;
		};
/* End PBXTargetDependency section */

/* Begin PBXVariantGroup section */
		8E2867821F2A5CD700AF335C /* Localizable.strings */ = {
			isa = PBXVariantGroup;
			children = (
				8E2867811F2A5CD700AF335C /* en */,
				8E2867831F2A5CDB00AF335C /* fr */,
			);
			name = Localizable.strings;
			sourceTree = "<group>";
		};
		8E3DA7F41C2E264000AD9556 /* MainMenu.xib */ = {
			isa = PBXVariantGroup;
			children = (
				8E3DA7F51C2E264000AD9556 /* Base */,
				8ED1677D1F1C19B200F44DF3 /* fr */,
			);
			name = MainMenu.xib;
			sourceTree = "<group>";
		};
		8E7C36CE1F2ED88200E5FDA8 /* View.xib */ = {
			isa = PBXVariantGroup;
			children = (
				8E7C36D11F2ED89000E5FDA8 /* Base */,
				8E7C36D31F2ED94F00E5FDA8 /* fr */,
			);
			name = View.xib;
			sourceTree = "<group>";
		};
		8ED167801F1C1D0200F44DF3 /* MainWindowController.xib */ = {
			isa = PBXVariantGroup;
			children = (
				8ED1677F1F1C1D0200F44DF3 /* Base */,
				8ED167821F1C1D1100F44DF3 /* fr */,
			);
			name = MainWindowController.xib;
			sourceTree = "<group>";
		};
		8EFCD97D1F30D289007B3A45 /* InfoPlist.strings */ = {
			isa = PBXVariantGroup;
			children = (
				8EFCD97C1F30D289007B3A45 /* fr */,
				8EFCD97E1F30D28C007B3A45 /* en */,
			);
			name = InfoPlist.strings;
			sourceTree = "<group>";
		};
/* End PBXVariantGroup section */

/* Begin XCBuildConfiguration section */
		8E3DA80E1C2E264000AD9556 /* Debug */ = {
			isa = XCBuildConfiguration;
			buildSettings = {
				ALWAYS_SEARCH_USER_PATHS = NO;
				CLANG_ANALYZER_LOCALIZABILITY_NONLOCALIZED = YES;
				CLANG_CXX_LANGUAGE_STANDARD = "gnu++0x";
				CLANG_CXX_LIBRARY = "libc++";
				CLANG_ENABLE_MODULES = YES;
				CLANG_ENABLE_OBJC_ARC = YES;
				CLANG_WARN_BLOCK_CAPTURE_AUTORELEASING = YES;
				CLANG_WARN_BOOL_CONVERSION = YES;
				CLANG_WARN_COMMA = YES;
				CLANG_WARN_CONSTANT_CONVERSION = YES;
				CLANG_WARN_DEPRECATED_OBJC_IMPLEMENTATIONS = YES;
				CLANG_WARN_DIRECT_OBJC_ISA_USAGE = YES_ERROR;
				CLANG_WARN_EMPTY_BODY = YES;
				CLANG_WARN_ENUM_CONVERSION = YES;
				CLANG_WARN_INFINITE_RECURSION = YES;
				CLANG_WARN_INT_CONVERSION = YES;
				CLANG_WARN_NON_LITERAL_NULL_CONVERSION = YES;
				CLANG_WARN_OBJC_IMPLICIT_RETAIN_SELF = YES;
				CLANG_WARN_OBJC_LITERAL_CONVERSION = YES;
				CLANG_WARN_OBJC_ROOT_CLASS = YES_ERROR;
				CLANG_WARN_RANGE_LOOP_ANALYSIS = YES;
				CLANG_WARN_STRICT_PROTOTYPES = YES;
				CLANG_WARN_SUSPICIOUS_MOVE = YES;
				CLANG_WARN_UNREACHABLE_CODE = YES;
				CLANG_WARN__DUPLICATE_METHOD_MATCH = YES;
				CODE_SIGN_IDENTITY = "Mac Developer";
				COPY_PHASE_STRIP = NO;
				DEBUG_INFORMATION_FORMAT = dwarf;
				ENABLE_STRICT_OBJC_MSGSEND = YES;
				ENABLE_TESTABILITY = YES;
				GCC_C_LANGUAGE_STANDARD = gnu99;
				GCC_DYNAMIC_NO_PIC = NO;
				GCC_NO_COMMON_BLOCKS = YES;
				GCC_OPTIMIZATION_LEVEL = 0;
				GCC_PREPROCESSOR_DEFINITIONS = (
					"DEBUG=1",
					"$(inherited)",
				);
				GCC_WARN_64_TO_32_BIT_CONVERSION = YES;
				GCC_WARN_ABOUT_RETURN_TYPE = YES_ERROR;
				GCC_WARN_UNDECLARED_SELECTOR = YES;
				GCC_WARN_UNINITIALIZED_AUTOS = YES_AGGRESSIVE;
				GCC_WARN_UNUSED_FUNCTION = YES;
				GCC_WARN_UNUSED_VARIABLE = YES;
				MACOSX_DEPLOYMENT_TARGET = 10.11;
				MTL_ENABLE_DEBUG_INFO = YES;
				ONLY_ACTIVE_ARCH = YES;
				SDKROOT = macosx;
				SWIFT_OPTIMIZATION_LEVEL = "-Onone";
			};
			name = Debug;
		};
		8E3DA80F1C2E264000AD9556 /* Release */ = {
			isa = XCBuildConfiguration;
			buildSettings = {
				ALWAYS_SEARCH_USER_PATHS = NO;
				CLANG_ANALYZER_LOCALIZABILITY_NONLOCALIZED = YES;
				CLANG_CXX_LANGUAGE_STANDARD = "gnu++0x";
				CLANG_CXX_LIBRARY = "libc++";
				CLANG_ENABLE_MODULES = YES;
				CLANG_ENABLE_OBJC_ARC = YES;
				CLANG_WARN_BLOCK_CAPTURE_AUTORELEASING = YES;
				CLANG_WARN_BOOL_CONVERSION = YES;
				CLANG_WARN_COMMA = YES;
				CLANG_WARN_CONSTANT_CONVERSION = YES;
				CLANG_WARN_DEPRECATED_OBJC_IMPLEMENTATIONS = YES;
				CLANG_WARN_DIRECT_OBJC_ISA_USAGE = YES_ERROR;
				CLANG_WARN_EMPTY_BODY = YES;
				CLANG_WARN_ENUM_CONVERSION = YES;
				CLANG_WARN_INFINITE_RECURSION = YES;
				CLANG_WARN_INT_CONVERSION = YES;
				CLANG_WARN_NON_LITERAL_NULL_CONVERSION = YES;
				CLANG_WARN_OBJC_IMPLICIT_RETAIN_SELF = YES;
				CLANG_WARN_OBJC_LITERAL_CONVERSION = YES;
				CLANG_WARN_OBJC_ROOT_CLASS = YES_ERROR;
				CLANG_WARN_RANGE_LOOP_ANALYSIS = YES;
				CLANG_WARN_STRICT_PROTOTYPES = YES;
				CLANG_WARN_SUSPICIOUS_MOVE = YES;
				CLANG_WARN_UNREACHABLE_CODE = YES;
				CLANG_WARN__DUPLICATE_METHOD_MATCH = YES;
				CODE_SIGN_IDENTITY = "Mac Developer";
				COPY_PHASE_STRIP = NO;
				DEBUG_INFORMATION_FORMAT = "dwarf-with-dsym";
				ENABLE_NS_ASSERTIONS = NO;
				ENABLE_STRICT_OBJC_MSGSEND = YES;
				GCC_C_LANGUAGE_STANDARD = gnu99;
				GCC_NO_COMMON_BLOCKS = YES;
				GCC_WARN_64_TO_32_BIT_CONVERSION = YES;
				GCC_WARN_ABOUT_RETURN_TYPE = YES_ERROR;
				GCC_WARN_UNDECLARED_SELECTOR = YES;
				GCC_WARN_UNINITIALIZED_AUTOS = YES_AGGRESSIVE;
				GCC_WARN_UNUSED_FUNCTION = YES;
				GCC_WARN_UNUSED_VARIABLE = YES;
				MACOSX_DEPLOYMENT_TARGET = 10.11;
				MTL_ENABLE_DEBUG_INFO = NO;
				SDKROOT = macosx;
			};
			name = Release;
		};
		8E3DA8111C2E264000AD9556 /* Debug */ = {
			isa = XCBuildConfiguration;
			baseConfigurationReference = 81C1360E6AA6A852758D21FA /* Pods-EP Calipers.debug.xcconfig */;
			buildSettings = {
				ASSETCATALOG_COMPILER_APPICON_NAME = AppIcon;
				CLANG_ENABLE_MODULES = YES;
				CODE_SIGN_ENTITLEMENTS = "EP Calipers/EP Calipers.entitlements";
				CODE_SIGN_IDENTITY = "Mac Developer";
				"CODE_SIGN_IDENTITY[sdk=macosx*]" = "Mac Developer";
				CODE_SIGN_STYLE = Automatic;
				COMBINE_HIDPI_IMAGES = YES;
				CURRENT_PROJECT_VERSION = 32;
				DEVELOPMENT_TEAM = W74NPJXYEG;
				ENABLE_HARDENED_RUNTIME = YES;
				INFOPLIST_FILE = "EP Calipers/Info.plist";
				LD_RUNPATH_SEARCH_PATHS = "$(inherited) @executable_path/../Frameworks";
				MACOSX_DEPLOYMENT_TARGET = 10.11;
				MARKETING_VERSION = 1.19.3;
				PRODUCT_BUNDLE_IDENTIFIER = "org.epstudios.EP-Calipers-Mac";
				PRODUCT_NAME = "$(TARGET_NAME)";
				PROVISIONING_PROFILE = "";
				PROVISIONING_PROFILE_SPECIFIER = "";
				SWIFT_OBJC_BRIDGING_HEADER = "EP Calipers/EP Calipers-Bridging-Header.h";
				SWIFT_OPTIMIZATION_LEVEL = "-Onone";
				SWIFT_VERSION = 5.0;
			};
			name = Debug;
		};
		8E3DA8121C2E264000AD9556 /* Release */ = {
			isa = XCBuildConfiguration;
			baseConfigurationReference = A8C79A238808151B2EABD25B /* Pods-EP Calipers.release.xcconfig */;
			buildSettings = {
				ASSETCATALOG_COMPILER_APPICON_NAME = AppIcon;
				CLANG_ENABLE_MODULES = YES;
				CODE_SIGN_ENTITLEMENTS = "EP Calipers/EP Calipers.entitlements";
				CODE_SIGN_IDENTITY = "Mac Developer";
				"CODE_SIGN_IDENTITY[sdk=macosx*]" = "Mac Developer";
				CODE_SIGN_STYLE = Automatic;
				COMBINE_HIDPI_IMAGES = YES;
				CURRENT_PROJECT_VERSION = 32;
				DEVELOPMENT_TEAM = W74NPJXYEG;
				ENABLE_HARDENED_RUNTIME = YES;
				INFOPLIST_FILE = "EP Calipers/Info.plist";
				LD_RUNPATH_SEARCH_PATHS = "$(inherited) @executable_path/../Frameworks";
				MACOSX_DEPLOYMENT_TARGET = 10.11;
				MARKETING_VERSION = 1.19.3;
				PRODUCT_BUNDLE_IDENTIFIER = "org.epstudios.EP-Calipers-Mac";
				PRODUCT_NAME = "$(TARGET_NAME)";
				PROVISIONING_PROFILE = "";
				PROVISIONING_PROFILE_SPECIFIER = "";
				SWIFT_OBJC_BRIDGING_HEADER = "EP Calipers/EP Calipers-Bridging-Header.h";
				SWIFT_OPTIMIZATION_LEVEL = "-Owholemodule";
				SWIFT_VERSION = 5.0;
			};
			name = Release;
		};
		8E3DA8141C2E264000AD9556 /* Debug */ = {
			isa = XCBuildConfiguration;
			baseConfigurationReference = C307C4CACD01B7C1C41141D6 /* Pods-EP CalipersTests.debug.xcconfig */;
			buildSettings = {
				BUNDLE_LOADER = "$(TEST_HOST)";
				COMBINE_HIDPI_IMAGES = YES;
				INFOPLIST_FILE = "EP CalipersTests/Info.plist";
				LD_RUNPATH_SEARCH_PATHS = "$(inherited) @executable_path/../Frameworks @loader_path/../Frameworks";
				PRODUCT_BUNDLE_IDENTIFIER = "org.epstudios.EP-CalipersTests";
				PRODUCT_NAME = "$(TARGET_NAME)";
				SWIFT_VERSION = 5.0;
				TEST_HOST = "$(BUILT_PRODUCTS_DIR)/EP Calipers.app/Contents/MacOS/EP Calipers";
			};
			name = Debug;
		};
		8E3DA8151C2E264000AD9556 /* Release */ = {
			isa = XCBuildConfiguration;
			baseConfigurationReference = 1FCEDC1A6D19AD2705C6CC7C /* Pods-EP CalipersTests.release.xcconfig */;
			buildSettings = {
				BUNDLE_LOADER = "$(TEST_HOST)";
				COMBINE_HIDPI_IMAGES = YES;
				INFOPLIST_FILE = "EP CalipersTests/Info.plist";
				LD_RUNPATH_SEARCH_PATHS = "$(inherited) @executable_path/../Frameworks @loader_path/../Frameworks";
				PRODUCT_BUNDLE_IDENTIFIER = "org.epstudios.EP-CalipersTests";
				PRODUCT_NAME = "$(TARGET_NAME)";
				SWIFT_OPTIMIZATION_LEVEL = "-Owholemodule";
				SWIFT_VERSION = 5.0;
				TEST_HOST = "$(BUILT_PRODUCTS_DIR)/EP Calipers.app/Contents/MacOS/EP Calipers";
			};
			name = Release;
		};
		8E3DA8171C2E264000AD9556 /* Debug */ = {
			isa = XCBuildConfiguration;
			buildSettings = {
				COMBINE_HIDPI_IMAGES = YES;
				INFOPLIST_FILE = "EP CalipersUITests/Info.plist";
				LD_RUNPATH_SEARCH_PATHS = "$(inherited) @executable_path/../Frameworks @loader_path/../Frameworks";
				PRODUCT_BUNDLE_IDENTIFIER = "org.epstudios.EP-CalipersUITests";
				PRODUCT_NAME = "$(TARGET_NAME)";
				SWIFT_SWIFT3_OBJC_INFERENCE = Default;
				SWIFT_VERSION = 4.0;
				TEST_TARGET_NAME = "EP Calipers";
				USES_XCTRUNNER = YES;
			};
			name = Debug;
		};
		8E3DA8181C2E264000AD9556 /* Release */ = {
			isa = XCBuildConfiguration;
			buildSettings = {
				COMBINE_HIDPI_IMAGES = YES;
				INFOPLIST_FILE = "EP CalipersUITests/Info.plist";
				LD_RUNPATH_SEARCH_PATHS = "$(inherited) @executable_path/../Frameworks @loader_path/../Frameworks";
				PRODUCT_BUNDLE_IDENTIFIER = "org.epstudios.EP-CalipersUITests";
				PRODUCT_NAME = "$(TARGET_NAME)";
				SWIFT_OPTIMIZATION_LEVEL = "-Owholemodule";
				SWIFT_SWIFT3_OBJC_INFERENCE = Default;
				SWIFT_VERSION = 4.0;
				TEST_TARGET_NAME = "EP Calipers";
				USES_XCTRUNNER = YES;
			};
			name = Release;
		};
/* End XCBuildConfiguration section */

/* Begin XCConfigurationList section */
		8E3DA7E81C2E264000AD9556 /* Build configuration list for PBXProject "EP Calipers" */ = {
			isa = XCConfigurationList;
			buildConfigurations = (
				8E3DA80E1C2E264000AD9556 /* Debug */,
				8E3DA80F1C2E264000AD9556 /* Release */,
			);
			defaultConfigurationIsVisible = 0;
			defaultConfigurationName = Release;
		};
		8E3DA8101C2E264000AD9556 /* Build configuration list for PBXNativeTarget "EP Calipers" */ = {
			isa = XCConfigurationList;
			buildConfigurations = (
				8E3DA8111C2E264000AD9556 /* Debug */,
				8E3DA8121C2E264000AD9556 /* Release */,
			);
			defaultConfigurationIsVisible = 0;
			defaultConfigurationName = Release;
		};
		8E3DA8131C2E264000AD9556 /* Build configuration list for PBXNativeTarget "EP CalipersTests" */ = {
			isa = XCConfigurationList;
			buildConfigurations = (
				8E3DA8141C2E264000AD9556 /* Debug */,
				8E3DA8151C2E264000AD9556 /* Release */,
			);
			defaultConfigurationIsVisible = 0;
			defaultConfigurationName = Release;
		};
		8E3DA8161C2E264000AD9556 /* Build configuration list for PBXNativeTarget "EP CalipersUITests" */ = {
			isa = XCConfigurationList;
			buildConfigurations = (
				8E3DA8171C2E264000AD9556 /* Debug */,
				8E3DA8181C2E264000AD9556 /* Release */,
			);
			defaultConfigurationIsVisible = 0;
			defaultConfigurationName = Release;
		};
/* End XCConfigurationList section */
	};
	rootObject = 8E3DA7E51C2E264000AD9556 /* Project object */;
}
